
Microsoft Visual Studio Solution File, Format Version 12.00
# Visual Studio 15
VisualStudioVersion = 15.0.27703.2000
MinimumVisualStudioVersion = 10.0.40219.1
Project("{FAE04EC0-301F-11D3-BF4B-00C04F79EFBC}") = "ryMathQuiz", "ryMathQuiz\ryMathQuiz.csproj", "{C148873C-735E-42C1-941F-DCB6FAF14F65}"
EndProject
Global
	GlobalSection(SolutionConfigurationPlatforms) = preSolution
		Debug|Any CPU = Debug|Any CPU
		Release|Any CPU = Release|Any CPU
	EndGlobalSection
	GlobalSection(ProjectConfigurationPlatforms) = postSolution
		{C148873C-735E-42C1-941F-DCB6FAF14F65}.Debug|Any CPU.ActiveCfg = Debug|Any CPU
		{C148873C-735E-42C1-941F-DCB6FAF14F65}.Debug|Any CPU.Build.0 = Debug|Any CPU
		{C148873C-735E-42C1-941F-DCB6FAF14F65}.Release|Any CPU.ActiveCfg = Release|Any CPU
		{C148873C-735E-42C1-941F-DCB6FAF14F65}.Release|Any CPU.Build.0 = Release|Any CPU
	EndGlobalSection
	GlobalSection(SolutionProperties) = preSolution
		HideSolutionNode = FALSE
	EndGlobalSection
	GlobalSection(ExtensibilityGlobals) = postSolution
		SolutionGuid = {1F54BE7F-968D-4DD6-9E70-4490CFB1B11C}
	EndGlobalSection
EndGlobal
